<?xml version="1.0" encoding="utf-8"?>
<Project ToolsVersion="4.0" xmlns="http://schemas.microsoft.com/developer/msbuild/2003">
  <ItemGroup>
    <Filter Include="소스 파일">
      <UniqueIdentifier>{4FC737F1-C7A5-4376-A066-2A32D752A2FF}</UniqueIdentifier>
      <Extensions>cpp;c;cc;cxx;c++;cppm;ixx;def;odl;idl;hpj;bat;asm;asmx</Extensions>
    </Filter>
    <Filter Include="헤더 파일">
      <UniqueIdentifier>{93995380-89BD-4b04-88EB-625FBE52EBFB}</UniqueIdentifier>
      <Extensions>h;hh;hpp;hxx;h++;hm;inl;inc;ipp;xsd</Extensions>
    </Filter>
    <Filter Include="리소스 파일">
      <UniqueIdentifier>{67DA6AB6-F800-4c08-8B7A-83BB121AAD01}</UniqueIdentifier>
      <Extensions>rc;ico;cur;bmp;dlg;rc2;rct;bin;rgs;gif;jpg;jpeg;jpe;resx;tiff;tif;png;wav;mfcribbon-ms</Extensions>
    </Filter>
    <Filter Include="소스 파일\day1">
      <UniqueIdentifier>{d57e8956-5708-4e76-ab3e-932e40109441}</UniqueIdentifier>
    </Filter>
    <Filter Include="소스 파일\day2">
      <UniqueIdentifier>{2c22a0e7-3de0-4bd4-bcda-c7b6eb9d05ea}</UniqueIdentifier>
    </Filter>
    <Filter Include="소스 파일\day5">
      <UniqueIdentifier>{e2258132-0855-4da8-85ae-eb186058a087}</UniqueIdentifier>
    </Filter>
    <Filter Include="소스 파일\day6">
      <UniqueIdentifier>{00b31550-c211-436e-be18-f8fb6d6dff3a}</UniqueIdentifier>
    </Filter>
    <Filter Include="소스 파일\day4">
      <UniqueIdentifier>{93d69e2f-093d-413a-a11a-161ac26a76fd}</UniqueIdentifier>
    </Filter>
    <Filter Include="소스 파일\day7">
      <UniqueIdentifier>{0be8ab58-a17e-4a15-8a6a-1c708be9e2da}</UniqueIdentifier>
    </Filter>
    <Filter Include="소스 파일\day8">
      <UniqueIdentifier>{9bf360b9-bd74-43e0-ac93-fc870dc1114b}</UniqueIdentifier>
    </Filter>
  </ItemGroup>
  <ItemGroup>
    <ClCompile Include="곱셈.c">
      <Filter>소스 파일\day2</Filter>
    </ClCompile>
    <ClCompile Include="자료형.c">
      <Filter>소스 파일\day2</Filter>
    </ClCompile>
    <ClCompile Include="sizeof연산자.c">
      <Filter>소스 파일\day2</Filter>
    </ClCompile>
    <ClCompile Include="아스키코드.c">
      <Filter>소스 파일\day2</Filter>
    </ClCompile>
    <ClCompile Include="상수.c">
      <Filter>소스 파일\day2</Filter>
    </ClCompile>
    <ClCompile Include="자료형의변환.c">
      <Filter>소스 파일\day2</Filter>
    </ClCompile>
    <ClCompile Include="형식문자와 숫자 조합.c">
      <Filter>소스 파일\day2</Filter>
    </ClCompile>
    <ClCompile Include="scanf.c">
      <Filter>소스 파일\day2</Filter>
    </ClCompile>
    <ClCompile Include="scanf실습.c">
      <Filter>소스 파일\day2</Filter>
    </ClCompile>
    <ClCompile Include="..\..\limjiwoo2007-source\weekend_c_class_1\weekend_c_class\변수의 출력.c">
      <Filter>소스 파일\day1</Filter>
    </ClCompile>
    <ClCompile Include="..\..\limjiwoo2007-source\weekend_c_class_1\weekend_c_class\변수.c">
      <Filter>소스 파일\day1</Filter>
    </ClCompile>
    <ClCompile Include="..\..\limjiwoo2007-source\weekend_c_class_1\weekend_c_class\기본구조.c">
      <Filter>소스 파일\day1</Filter>
    </ClCompile>
    <ClCompile Include="..\..\limjiwoo2007-source\weekend_c_class_1\weekend_c_class\메인함수.c">
      <Filter>소스 파일\day1</Filter>
    </ClCompile>
    <ClCompile Include="중첩for문.c">
      <Filter>소스 파일\day5</Filter>
    </ClCompile>
    <ClCompile Include="구구단.c">
      <Filter>소스 파일\day5</Filter>
    </ClCompile>
    <ClCompile Include="별찍기.c">
      <Filter>소스 파일\day5</Filter>
    </ClCompile>
    <ClCompile Include="난수.c">
      <Filter>소스 파일\day5</Filter>
    </ClCompile>
    <ClCompile Include="업다운게임.c">
      <Filter>소스 파일\day5</Filter>
    </ClCompile>
    <ClCompile Include="가위바위보.c">
      <Filter>소스 파일\day5</Filter>
    </ClCompile>
    <ClCompile Include="배열.c">
      <Filter>소스 파일\day5</Filter>
    </ClCompile>
    <ClCompile Include="좋아하는숫자출력하기.c">
      <Filter>소스 파일\day5</Filter>
    </ClCompile>
    <ClCompile Include="문자와배열.c">
      <Filter>소스 파일\day5</Filter>
    </ClCompile>
    <ClCompile Include="scanf_문자받기.c">
      <Filter>소스 파일\day5</Filter>
    </ClCompile>
    <ClCompile Include="게임랜덤직업부여.c">
      <Filter>소스 파일\day6</Filter>
    </ClCompile>
    <ClCompile Include="포인터.c">
      <Filter>소스 파일\day6</Filter>
    </ClCompile>
    <ClCompile Include="중첩if.c">
      <Filter>소스 파일\day4</Filter>
    </ClCompile>
    <ClCompile Include="스위치.c">
      <Filter>소스 파일\day4</Filter>
    </ClCompile>
    <ClCompile Include="환전시스템.c">
      <Filter>소스 파일\day4</Filter>
    </ClCompile>
    <ClCompile Include="스위치 계산기.c">
      <Filter>소스 파일\day4</Filter>
    </ClCompile>
    <ClCompile Include="while.c">
      <Filter>소스 파일\day4</Filter>
    </ClCompile>
    <ClCompile Include="연말까지며칠남았을까.c">
      <Filter>소스 파일\day4</Filter>
    </ClCompile>
    <ClCompile Include="dowhile.c">
      <Filter>소스 파일\day4</Filter>
    </ClCompile>
    <ClCompile Include="for문.c">
      <Filter>소스 파일\day4</Filter>
    </ClCompile>
    <ClCompile Include="제곱출력%28무한루프%29.c">
      <Filter>소스 파일\day4</Filter>
    </ClCompile>
    <ClCompile Include="break문.c">
      <Filter>소스 파일\day4</Filter>
    </ClCompile>
    <ClCompile Include="포인터문제1.c">
      <Filter>소스 파일\day6</Filter>
    </ClCompile>
    <ClCompile Include="아이디비밀번호3회접근차단.c">
      <Filter>소스 파일\day4</Filter>
    </ClCompile>
    <ClCompile Include="포인터를사용해서최댓값최솟값찾기.c">
      <Filter>소스 파일\day6</Filter>
    </ClCompile>
    <ClCompile Include="포인터와배열.c">
      <Filter>소스 파일\day6</Filter>
    </ClCompile>
    <ClCompile Include="continue.c">
      <Filter>소스 파일\day4</Filter>
    </ClCompile>
    <ClCompile Include="간편입출금.c">
      <Filter>소스 파일\day4</Filter>
    </ClCompile>
    <ClCompile Include="dowhile과switch.c">
      <Filter>소스 파일\day4</Filter>
    </ClCompile>
    <ClCompile Include="포인터상수.c">
      <Filter>소스 파일\day6</Filter>
    </ClCompile>
    <ClCompile Include="포인터를사용한홀수의합.c">
      <Filter>소스 파일\day6</Filter>
    </ClCompile>
    <ClCompile Include="플레이리스트.c">
      <Filter>소스 파일\day6</Filter>
    </ClCompile>
    <ClCompile Include="포인터배열.c">
      <Filter>소스 파일\day6</Filter>
    </ClCompile>
    <ClCompile Include="2차원배열.c">
      <Filter>소스 파일\day7</Filter>
    </ClCompile>
    <ClCompile Include="2차원배열구구단.c">
      <Filter>소스 파일\day7</Filter>
    </ClCompile>
    <ClCompile Include="좌석예약.c">
      <Filter>소스 파일\day7</Filter>
    </ClCompile>
    <ClCompile Include="배열포인터.c">
      <Filter>소스 파일\day7</Filter>
    </ClCompile>
    <ClCompile Include="문자열과포인터.c">
      <Filter>소스 파일\day7</Filter>
    </ClCompile>
    <ClCompile Include="stringcompare.c">
      <Filter>소스 파일\day7</Filter>
    </ClCompile>
    <ClCompile Include="문자열포인터영어문제.c">
      <Filter>소스 파일\day7</Filter>
    </ClCompile>
    <ClCompile Include="함수.c">
      <Filter>소스 파일\day7</Filter>
    </ClCompile>
    <ClCompile Include="곱하기연산하기.c">
      <Filter>소스 파일\day7</Filter>
    </ClCompile>
    <ClCompile Include="함수실습1.c">
      <Filter>소스 파일\day8</Filter>
    </ClCompile>
    <ClCompile Include="함수원형실습.c">
      <Filter>소스 파일\day8</Filter>
    </ClCompile>
    <ClCompile Include="지역변수.c">
      <Filter>소스 파일\day8</Filter>
    </ClCompile>
    <ClCompile Include="포인터와함수관계.c">
      <Filter>소스 파일\day8</Filter>
    </ClCompile>
    <ClCompile Include="이중포인터.c">
      <Filter>소스 파일\day8</Filter>
    </ClCompile>
    <ClCompile Include="메모리의동적할당.c">
      <Filter>소스 파일\day8</Filter>
    </ClCompile>
    <ClCompile Include="구조체.c">
      <Filter>소스 파일\day8</Filter>
    </ClCompile>
    <ClCompile Include="구조체배열.c">
      <Filter>소스 파일\day8</Filter>
    </ClCompile>
    <ClCompile Include="구조체와함수.c">
      <Filter>소스 파일\day8</Filter>
    </ClCompile>
  </ItemGroup>
</Project>